// !$*UTF8*$!
{
	archiveVersion = 1;
	classes = {
	};
	objectVersion = 56;
	objects = {

/* Begin PBXBuildFile section */
		00475F6C2A0AB8A200CA8227 /* PressPilotApp.swift in Sources */ = {isa = PBXBuildFile; fileRef = 00475F6B2A0AB8A200CA8227 /* PressPilotApp.swift */; };
		00475F6E2A0AB8A200CA8227 /* ContentView.swift in Sources */ = {isa = PBXBuildFile; fileRef = 00475F6D2A0AB8A200CA8227 /* ContentView.swift */; };
		00475F702A0AB8A300CA8227 /* Assets.xcassets in Resources */ = {isa = PBXBuildFile; fileRef = 00475F6F2A0AB8A300CA8227 /* Assets.xcassets */; };
		00475F732A0AB8A300CA8227 /* Preview Assets.xcassets in Resources */ = {isa = PBXBuildFile; fileRef = 00475F722A0AB8A300CA8227 /* Preview Assets.xcassets */; };
		00E9DE482A0E966F00C440CF /* NetworkManager.swift in Sources */ = {isa = PBXBuildFile; fileRef = 00E9DE472A0E966F00C440CF /* NetworkManager.swift */; };
		00E9DE4A2A0E96A500C440CF /* Config.swift in Sources */ = {isa = PBXBuildFile; fileRef = 00E9DE492A0E96A500C440CF /* Config.swift */; };
		00E9DE4C2A0E9B1800C440CF /* NewsData.swift in Sources */ = {isa = PBXBuildFile; fileRef = 00E9DE4B2A0E9B1800C440CF /* NewsData.swift */; };
		00E9DE4F2A0EBF1900C440CF /* MainView.swift in Sources */ = {isa = PBXBuildFile; fileRef = 00E9DE4E2A0EBF1900C440CF /* MainView.swift */; };
		00E9DE512A0EC15D00C440CF /* SavedView.swift in Sources */ = {isa = PBXBuildFile; fileRef = 00E9DE502A0EC15D00C440CF /* SavedView.swift */; };
		00E9DE532A0EC1C300C440CF /* MyProfileView.swift in Sources */ = {isa = PBXBuildFile; fileRef = 00E9DE522A0EC1C300C440CF /* MyProfileView.swift */; };
		00E9DE552A0F9E6300C440CF /* DetailView.swift in Sources */ = {isa = PBXBuildFile; fileRef = 00E9DE542A0F9E6300C440CF /* DetailView.swift */; };
		00E9DE572A0F9F4E00C440CF /* WebView.swift in Sources */ = {isa = PBXBuildFile; fileRef = 00E9DE562A0F9F4E00C440CF /* WebView.swift */; };
		00E9DE592A0FE61000C440CF /* LoginView.swift in Sources */ = {isa = PBXBuildFile; fileRef = 00E9DE582A0FE61000C440CF /* LoginView.swift */; };
		00E9DE5B2A0FE62100C440CF /* RegistrationView.swift in Sources */ = {isa = PBXBuildFile; fileRef = 00E9DE5A2A0FE62100C440CF /* RegistrationView.swift */; };
		00E9DE5E2A0FFCB800C440CF /* FloatingLabelTextFieldSwiftUI in Frameworks */ = {isa = PBXBuildFile; productRef = 00E9DE5D2A0FFCB800C440CF /* FloatingLabelTextFieldSwiftUI */; };
/* End PBXBuildFile section */

/* Begin PBXFileReference section */
		00475F682A0AB8A200CA8227 /* PressPilot.app */ = {isa = PBXFileReference; explicitFileType = wrapper.application; includeInIndex = 0; path = PressPilot.app; sourceTree = BUILT_PRODUCTS_DIR; };
		00475F6B2A0AB8A200CA8227 /* PressPilotApp.swift */ = {isa = PBXFileReference; lastKnownFileType = sourcecode.swift; path = PressPilotApp.swift; sourceTree = "<group>"; };
		00475F6D2A0AB8A200CA8227 /* ContentView.swift */ = {isa = PBXFileReference; lastKnownFileType = sourcecode.swift; path = ContentView.swift; sourceTree = "<group>"; };
		00475F6F2A0AB8A300CA8227 /* Assets.xcassets */ = {isa = PBXFileReference; lastKnownFileType = folder.assetcatalog; path = Assets.xcassets; sourceTree = "<group>"; };
		00475F722A0AB8A300CA8227 /* Preview Assets.xcassets */ = {isa = PBXFileReference; lastKnownFileType = folder.assetcatalog; path = "Preview Assets.xcassets"; sourceTree = "<group>"; };
		00E9DE472A0E966F00C440CF /* NetworkManager.swift */ = {isa = PBXFileReference; lastKnownFileType = sourcecode.swift; path = NetworkManager.swift; sourceTree = "<group>"; };
		00E9DE492A0E96A500C440CF /* Config.swift */ = {isa = PBXFileReference; lastKnownFileType = sourcecode.swift; path = Config.swift; sourceTree = "<group>"; };
		00E9DE4B2A0E9B1800C440CF /* NewsData.swift */ = {isa = PBXFileReference; lastKnownFileType = sourcecode.swift; path = NewsData.swift; sourceTree = "<group>"; };
		00E9DE4E2A0EBF1900C440CF /* MainView.swift */ = {isa = PBXFileReference; lastKnownFileType = sourcecode.swift; path = MainView.swift; sourceTree = "<group>"; };
		00E9DE502A0EC15D00C440CF /* SavedView.swift */ = {isa = PBXFileReference; lastKnownFileType = sourcecode.swift; path = SavedView.swift; sourceTree = "<group>"; };
		00E9DE522A0EC1C300C440CF /* MyProfileView.swift */ = {isa = PBXFileReference; lastKnownFileType = sourcecode.swift; path = MyProfileView.swift; sourceTree = "<group>"; };
		00E9DE542A0F9E6300C440CF /* DetailView.swift */ = {isa = PBXFileReference; lastKnownFileType = sourcecode.swift; path = DetailView.swift; sourceTree = "<group>"; };
		00E9DE562A0F9F4E00C440CF /* WebView.swift */ = {isa = PBXFileReference; lastKnownFileType = sourcecode.swift; path = WebView.swift; sourceTree = "<group>"; };
		00E9DE582A0FE61000C440CF /* LoginView.swift */ = {isa = PBXFileReference; lastKnownFileType = sourcecode.swift; path = LoginView.swift; sourceTree = "<group>"; };
		00E9DE5A2A0FE62100C440CF /* RegistrationView.swift */ = {isa = PBXFileReference; lastKnownFileType = sourcecode.swift; path = RegistrationView.swift; sourceTree = "<group>"; };
/* End PBXFileReference section */

/* Begin PBXFrameworksBuildPhase section */
		00475F652A0AB8A200CA8227 /* Frameworks */ = {
			isa = PBXFrameworksBuildPhase;
			buildActionMask = 2147483647;
			files = (
				00E9DE5E2A0FFCB800C440CF /* FloatingLabelTextFieldSwiftUI in Frameworks */,
			);
			runOnlyForDeploymentPostprocessing = 0;
		};
/* End PBXFrameworksBuildPhase section */

/* Begin PBXGroup section */
		00475F5F2A0AB8A200CA8227 = {
			isa = PBXGroup;
			children = (
				00475F6A2A0AB8A200CA8227 /* PressPilot */,
				00475F692A0AB8A200CA8227 /* Products */,
			);
			sourceTree = "<group>";
		};
		00475F692A0AB8A200CA8227 /* Products */ = {
			isa = PBXGroup;
			children = (
				00475F682A0AB8A200CA8227 /* PressPilot.app */,
			);
			name = Products;
			sourceTree = "<group>";
		};
		00475F6A2A0AB8A200CA8227 /* PressPilot */ = {
			isa = PBXGroup;
			children = (
				00475F6B2A0AB8A200CA8227 /* PressPilotApp.swift */,
				00E9DE492A0E96A500C440CF /* Config.swift */,
				00E9DE462A0E964800C440CF /* Models */,
				00E9DE4D2A0EA10D00C440CF /* Views */,
				00475F6F2A0AB8A300CA8227 /* Assets.xcassets */,
				00475F712A0AB8A300CA8227 /* Preview Content */,
			);
			path = PressPilot;
			sourceTree = "<group>";
		};
		00475F712A0AB8A300CA8227 /* Preview Content */ = {
			isa = PBXGroup;
			children = (
				00475F722A0AB8A300CA8227 /* Preview Assets.xcassets */,
			);
			path = "Preview Content";
			sourceTree = "<group>";
		};
		00E9DE462A0E964800C440CF /* Models */ = {
			isa = PBXGroup;
			children = (
				00E9DE472A0E966F00C440CF /* NetworkManager.swift */,
				00E9DE4B2A0E9B1800C440CF /* NewsData.swift */,
			);
			path = Models;
			sourceTree = "<group>";
		};
		00E9DE4D2A0EA10D00C440CF /* Views */ = {
			isa = PBXGroup;
			children = (
				00E9DE4E2A0EBF1900C440CF /* MainView.swift */,
				00475F6D2A0AB8A200CA8227 /* ContentView.swift */,
				00E9DE502A0EC15D00C440CF /* SavedView.swift */,
				00E9DE522A0EC1C300C440CF /* MyProfileView.swift */,
				00E9DE542A0F9E6300C440CF /* DetailView.swift */,
				00E9DE562A0F9F4E00C440CF /* WebView.swift */,
				00E9DE582A0FE61000C440CF /* LoginView.swift */,
				00E9DE5A2A0FE62100C440CF /* RegistrationView.swift */,
			);
			path = Views;
			sourceTree = "<group>";
		};
/* End PBXGroup section */

/* Begin PBXNativeTarget section */
		00475F672A0AB8A200CA8227 /* PressPilot */ = {
			isa = PBXNativeTarget;
			buildConfigurationList = 00475F762A0AB8A300CA8227 /* Build configuration list for PBXNativeTarget "PressPilot" */;
			buildPhases = (
				00475F642A0AB8A200CA8227 /* Sources */,
				00475F652A0AB8A200CA8227 /* Frameworks */,
				00475F662A0AB8A200CA8227 /* Resources */,
			);
			buildRules = (
			);
			dependencies = (
			);
			name = PressPilot;
			packageProductDependencies = (
				00E9DE5D2A0FFCB800C440CF /* FloatingLabelTextFieldSwiftUI */,
			);
			productName = PressPilot;
			productReference = 00475F682A0AB8A200CA8227 /* PressPilot.app */;
			productType = "com.apple.product-type.application";
		};
/* End PBXNativeTarget section */

/* Begin PBXProject section */
		00475F602A0AB8A200CA8227 /* Project object */ = {
			isa = PBXProject;
			attributes = {
				BuildIndependentTargetsInParallel = 1;
				LastSwiftUpdateCheck = 1430;
				LastUpgradeCheck = 1430;
				TargetAttributes = {
					00475F672A0AB8A200CA8227 = {
						CreatedOnToolsVersion = 14.3;
					};
				};
			};
			buildConfigurationList = 00475F632A0AB8A200CA8227 /* Build configuration list for PBXProject "PressPilot" */;
			compatibilityVersion = "Xcode 14.0";
			developmentRegion = en;
			hasScannedForEncodings = 0;
			knownRegions = (
				en,
				Base,
			);
			mainGroup = 00475F5F2A0AB8A200CA8227;
			packageReferences = (
				00E9DE5C2A0FFCB700C440CF /* XCRemoteSwiftPackageReference "FloatingLabelTextFieldSwiftUI" */,
			);
			productRefGroup = 00475F692A0AB8A200CA8227 /* Products */;
			projectDirPath = "";
			projectRoot = "";
			targets = (
				00475F672A0AB8A200CA8227 /* PressPilot */,
			);
		};
/* End PBXProject section */

/* Begin PBXResourcesBuildPhase section */
		00475F662A0AB8A200CA8227 /* Resources */ = {
			isa = PBXResourcesBuildPhase;
			buildActionMask = 2147483647;
			files = (
				00475F732A0AB8A300CA8227 /* Preview Assets.xcassets in Resources */,
				00475F702A0AB8A300CA8227 /* Assets.xcassets in Resources */,
			);
			runOnlyForDeploymentPostprocessing = 0;
		};
/* End PBXResourcesBuildPhase section */

/* Begin PBXSourcesBuildPhase section */
		00475F642A0AB8A200CA8227 /* Sources */ = {
			isa = PBXSourcesBuildPhase;
			buildActionMask = 2147483647;
			files = (
				00E9DE532A0EC1C300C440CF /* MyProfileView.swift in Sources */,
				00E9DE572A0F9F4E00C440CF /* WebView.swift in Sources */,
				00E9DE552A0F9E6300C440CF /* DetailView.swift in Sources */,
				00E9DE5B2A0FE62100C440CF /* RegistrationView.swift in Sources */,
				00E9DE482A0E966F00C440CF /* NetworkManager.swift in Sources */,
				00E9DE4F2A0EBF1900C440CF /* MainView.swift in Sources */,
				00E9DE4A2A0E96A500C440CF /* Config.swift in Sources */,
				00E9DE512A0EC15D00C440CF /* SavedView.swift in Sources */,
				00475F6E2A0AB8A200CA8227 /* ContentView.swift in Sources */,
				00E9DE592A0FE61000C440CF /* LoginView.swift in Sources */,
				00475F6C2A0AB8A200CA8227 /* PressPilotApp.swift in Sources */,
				00E9DE4C2A0E9B1800C440CF /* NewsData.swift in Sources */,
			);
			runOnlyForDeploymentPostprocessing = 0;
		};
/* End PBXSourcesBuildPhase section */

/* Begin XCBuildConfiguration section */
		00475F742A0AB8A300CA8227 /* Debug */ = {
			isa = XCBuildConfiguration;
			buildSettings = {
				ALWAYS_SEARCH_USER_PATHS = NO;
				CLANG_ANALYZER_NONNULL = YES;
				CLANG_ANALYZER_NUMBER_OBJECT_CONVERSION = YES_AGGRESSIVE;
				CLANG_CXX_LANGUAGE_STANDARD = "gnu++20";
				CLANG_ENABLE_MODULES = YES;
				CLANG_ENABLE_OBJC_ARC = YES;
				CLANG_ENABLE_OBJC_WEAK = YES;
				CLANG_WARN_BLOCK_CAPTURE_AUTORELEASING = YES;
				CLANG_WARN_BOOL_CONVERSION = YES;
				CLANG_WARN_COMMA = YES;
				CLANG_WARN_CONSTANT_CONVERSION = YES;
				CLANG_WARN_DEPRECATED_OBJC_IMPLEMENTATIONS = YES;
				CLANG_WARN_DIRECT_OBJC_ISA_USAGE = YES_ERROR;
				CLANG_WARN_DOCUMENTATION_COMMENTS = YES;
				CLANG_WARN_EMPTY_BODY = YES;
				CLANG_WARN_ENUM_CONVERSION = YES;
				CLANG_WARN_INFINITE_RECURSION = YES;
				CLANG_WARN_INT_CONVERSION = YES;
				CLANG_WARN_NON_LITERAL_NULL_CONVERSION = YES;
				CLANG_WARN_OBJC_IMPLICIT_RETAIN_SELF = YES;
				CLANG_WARN_OBJC_LITERAL_CONVERSION = YES;
				CLANG_WARN_OBJC_ROOT_CLASS = YES_ERROR;
				CLANG_WARN_QUOTED_INCLUDE_IN_FRAMEWORK_HEADER = YES;
				CLANG_WARN_RANGE_LOOP_ANALYSIS = YES;
				CLANG_WARN_STRICT_PROTOTYPES = YES;
				CLANG_WARN_SUSPICIOUS_MOVE = YES;
				CLANG_WARN_UNGUARDED_AVAILABILITY = YES_AGGRESSIVE;
				CLANG_WARN_UNREACHABLE_CODE = YES;
				CLANG_WARN__DUPLICATE_METHOD_MATCH = YES;
				COPY_PHASE_STRIP = NO;
				DEBUG_INFORMATION_FORMAT = dwarf;
				ENABLE_STRICT_OBJC_MSGSEND = YES;
				ENABLE_TESTABILITY = YES;
				GCC_C_LANGUAGE_STANDARD = gnu11;
				GCC_DYNAMIC_NO_PIC = NO;
				GCC_NO_COMMON_BLOCKS = YES;
				GCC_OPTIMIZATION_LEVEL = 0;
				GCC_PREPROCESSOR_DEFINITIONS = (
					"DEBUG=1",
					"$(inherited)",
				);
				GCC_WARN_64_TO_32_BIT_CONVERSION = YES;
				GCC_WARN_ABOUT_RETURN_TYPE = YES_ERROR;
				GCC_WARN_UNDECLARED_SELECTOR = YES;
				GCC_WARN_UNINITIALIZED_AUTOS = YES_AGGRESSIVE;
				GCC_WARN_UNUSED_FUNCTION = YES;
				GCC_WARN_UNUSED_VARIABLE = YES;
				IPHONEOS_DEPLOYMENT_TARGET = 16.4;
				MTL_ENABLE_DEBUG_INFO = INCLUDE_SOURCE;
				MTL_FAST_MATH = YES;
				ONLY_ACTIVE_ARCH = YES;
				SDKROOT = iphoneos;
				SWIFT_ACTIVE_COMPILATION_CONDITIONS = DEBUG;
				SWIFT_OPTIMIZATION_LEVEL = "-Onone";
			};
			name = Debug;
		};
		00475F752A0AB8A300CA8227 /* Release */ = {
			isa = XCBuildConfiguration;
			buildSettings = {
				ALWAYS_SEARCH_USER_PATHS = NO;
				CLANG_ANALYZER_NONNULL = YES;
				CLANG_ANALYZER_NUMBER_OBJECT_CONVERSION = YES_AGGRESSIVE;
				CLANG_CXX_LANGUAGE_STANDARD = "gnu++20";
				CLANG_ENABLE_MODULES = YES;
				CLANG_ENABLE_OBJC_ARC = YES;
				CLANG_ENABLE_OBJC_WEAK = YES;
				CLANG_WARN_BLOCK_CAPTURE_AUTORELEASING = YES;
				CLANG_WARN_BOOL_CONVERSION = YES;
				CLANG_WARN_COMMA = YES;
				CLANG_WARN_CONSTANT_CONVERSION = YES;
				CLANG_WARN_DEPRECATED_OBJC_IMPLEMENTATIONS = YES;
				CLANG_WARN_DIRECT_OBJC_ISA_USAGE = YES_ERROR;
				CLANG_WARN_DOCUMENTATION_COMMENTS = YES;
				CLANG_WARN_EMPTY_BODY = YES;
				CLANG_WARN_ENUM_CONVERSION = YES;
				CLANG_WARN_INFINITE_RECURSION = YES;
				CLANG_WARN_INT_CONVERSION = YES;
				CLANG_WARN_NON_LITERAL_NULL_CONVERSION = YES;
				CLANG_WARN_OBJC_IMPLICIT_RETAIN_SELF = YES;
				CLANG_WARN_OBJC_LITERAL_CONVERSION = YES;
				CLANG_WARN_OBJC_ROOT_CLASS = YES_ERROR;
				CLANG_WARN_QUOTED_INCLUDE_IN_FRAMEWORK_HEADER = YES;
				CLANG_WARN_RANGE_LOOP_ANALYSIS = YES;
				CLANG_WARN_STRICT_PROTOTYPES = YES;
				CLANG_WARN_SUSPICIOUS_MOVE = YES;
				CLANG_WARN_UNGUARDED_AVAILABILITY = YES_AGGRESSIVE;
				CLANG_WARN_UNREACHABLE_CODE = YES;
				CLANG_WARN__DUPLICATE_METHOD_MATCH = YES;
				COPY_PHASE_STRIP = NO;
				DEBUG_INFORMATION_FORMAT = "dwarf-with-dsym";
				ENABLE_NS_ASSERTIONS = NO;
				ENABLE_STRICT_OBJC_MSGSEND = YES;
				GCC_C_LANGUAGE_STANDARD = gnu11;
				GCC_NO_COMMON_BLOCKS = YES;
				GCC_WARN_64_TO_32_BIT_CONVERSION = YES;
				GCC_WARN_ABOUT_RETURN_TYPE = YES_ERROR;
				GCC_WARN_UNDECLARED_SELECTOR = YES;
				GCC_WARN_UNINITIALIZED_AUTOS = YES_AGGRESSIVE;
				GCC_WARN_UNUSED_FUNCTION = YES;
				GCC_WARN_UNUSED_VARIABLE = YES;
				IPHONEOS_DEPLOYMENT_TARGET = 16.4;
				MTL_ENABLE_DEBUG_INFO = NO;
				MTL_FAST_MATH = YES;
				SDKROOT = iphoneos;
				SWIFT_COMPILATION_MODE = wholemodule;
				SWIFT_OPTIMIZATION_LEVEL = "-O";
				VALIDATE_PRODUCT = YES;
			};
			name = Release;
		};
		00475F772A0AB8A300CA8227 /* Debug */ = {
			isa = XCBuildConfiguration;
			buildSettings = {
				ASSETCATALOG_COMPILER_APPICON_NAME = AppIcon;
				ASSETCATALOG_COMPILER_GLOBAL_ACCENT_COLOR_NAME = AccentColor;
				CODE_SIGN_STYLE = Automatic;
				CURRENT_PROJECT_VERSION = 1;
				DEVELOPMENT_ASSET_PATHS = "\"PressPilot/Preview Content\"";
				DEVELOPMENT_TEAM = JTC82K5425;
				ENABLE_PREVIEWS = YES;
				GENERATE_INFOPLIST_FILE = YES;
				INFOPLIST_KEY_UIApplicationSceneManifest_Generation = YES;
				INFOPLIST_KEY_UIApplicationSupportsIndirectInputEvents = YES;
				INFOPLIST_KEY_UILaunchScreen_Generation = YES;
				INFOPLIST_KEY_UISupportedInterfaceOrientations_iPad = "UIInterfaceOrientationPortrait UIInterfaceOrientationPortraitUpsideDown UIInterfaceOrientationLandscapeLeft UIInterfaceOrientationLandscapeRight";
				INFOPLIST_KEY_UISupportedInterfaceOrientations_iPhone = "UIInterfaceOrientationPortrait UIInterfaceOrientationLandscapeLeft UIInterfaceOrientationLandscapeRight";
				LD_RUNPATH_SEARCH_PATHS = (
					"$(inherited)",
					"@executable_path/Frameworks",
				);
				MARKETING_VERSION = 1.0;
				PRODUCT_BUNDLE_IDENTIFIER = com.mahin.PressPilot;
				PRODUCT_NAME = "$(TARGET_NAME)";
				SWIFT_EMIT_LOC_STRINGS = YES;
				SWIFT_VERSION = 5.0;
				TARGETED_DEVICE_FAMILY = "1,2";
			};
			name = Debug;
		};
		00475F782A0AB8A300CA8227 /* Release */ = {
			isa = XCBuildConfiguration;
			buildSettings = {
				ASSETCATALOG_COMPILER_APPICON_NAME = AppIcon;
				ASSETCATALOG_COMPILER_GLOBAL_ACCENT_COLOR_NAME = AccentColor;
				CODE_SIGN_STYLE = Automatic;
				CURRENT_PROJECT_VERSION = 1;
				DEVELOPMENT_ASSET_PATHS = "\"PressPilot/Preview Content\"";
				DEVELOPMENT_TEAM = JTC82K5425;
				ENABLE_PREVIEWS = YES;
				GENERATE_INFOPLIST_FILE = YES;
				INFOPLIST_KEY_UIApplicationSceneManifest_Generation = YES;
				INFOPLIST_KEY_UIApplicationSupportsIndirectInputEvents = YES;
				INFOPLIST_KEY_UILaunchScreen_Generation = YES;
				INFOPLIST_KEY_UISupportedInterfaceOrientations_iPad = "UIInterfaceOrientationPortrait UIInterfaceOrientationPortraitUpsideDown UIInterfaceOrientationLandscapeLeft UIInterfaceOrientationLandscapeRight";
				INFOPLIST_KEY_UISupportedInterfaceOrientations_iPhone = "UIInterfaceOrientationPortrait UIInterfaceOrientationLandscapeLeft UIInterfaceOrientationLandscapeRight";
				LD_RUNPATH_SEARCH_PATHS = (
					"$(inherited)",
					"@executable_path/Frameworks",
				);
				MARKETING_VERSION = 1.0;
				PRODUCT_BUNDLE_IDENTIFIER = com.mahin.PressPilot;
				PRODUCT_NAME = "$(TARGET_NAME)";
				SWIFT_EMIT_LOC_STRINGS = YES;
				SWIFT_VERSION = 5.0;
				TARGETED_DEVICE_FAMILY = "1,2";
			};
			name = Release;
		};
/* End XCBuildConfiguration section */

/* Begin XCConfigurationList section */
		00475F632A0AB8A200CA8227 /* Build configuration list for PBXProject "PressPilot" */ = {
			isa = XCConfigurationList;
			buildConfigurations = (
				00475F742A0AB8A300CA8227 /* Debug */,
				00475F752A0AB8A300CA8227 /* Release */,
			);
			defaultConfigurationIsVisible = 0;
			defaultConfigurationName = Release;
		};
		00475F762A0AB8A300CA8227 /* Build configuration list for PBXNativeTarget "PressPilot" */ = {
			isa = XCConfigurationList;
			buildConfigurations = (
				00475F772A0AB8A300CA8227 /* Debug */,
				00475F782A0AB8A300CA8227 /* Release */,
			);
			defaultConfigurationIsVisible = 0;
			defaultConfigurationName = Release;
		};
/* End XCConfigurationList section */

/* Begin XCRemoteSwiftPackageReference section */
		00E9DE5C2A0FFCB700C440CF /* XCRemoteSwiftPackageReference "FloatingLabelTextFieldSwiftUI" */ = {
			isa = XCRemoteSwiftPackageReference;
			repositoryURL = "https://github.com/kishanraja/FloatingLabelTextFieldSwiftUI.git";
			requirement = {
				kind = upToNextMajorVersion;
				minimumVersion = 5.0.0;
			};
		};
/* End XCRemoteSwiftPackageReference section */

/* Begin XCSwiftPackageProductDependency section */
		00E9DE5D2A0FFCB800C440CF /* FloatingLabelTextFieldSwiftUI */ = {
			isa = XCSwiftPackageProductDependency;
			package = 00E9DE5C2A0FFCB700C440CF /* XCRemoteSwiftPackageReference "FloatingLabelTextFieldSwiftUI" */;
			productName = FloatingLabelTextFieldSwiftUI;
		};
/* End XCSwiftPackageProductDependency section */
	};
	rootObject = 00475F602A0AB8A200CA8227 /* Project object */;
}
