// !$*UTF8*$!
{
	archiveVersion = 1;
	classes = {
	};
	objectVersion = 56;
	objects = {

/* Begin PBXBuildFile section */
		000A76722A3346E20052A3E8 /* DeviceRotationViewModifier.swift in Sources */ = {isa = PBXBuildFile; fileRef = 000A76712A3346E20052A3E8 /* DeviceRotationViewModifier.swift */; };
		0026E2D72A23A44F00F0308D /* RequestManager.swift in Sources */ = {isa = PBXBuildFile; fileRef = 0026E2D62A23A44F00F0308D /* RequestManager.swift */; };
		0028253E2AD2E8A700BFCB64 /* Config.swift in Sources */ = {isa = PBXBuildFile; fileRef = 0028253C2AD2E8A700BFCB64 /* Config.swift */; };
		0028253F2AD2E8A700BFCB64 /* GoogleService-Info.plist in Resources */ = {isa = PBXBuildFile; fileRef = 0028253D2AD2E8A700BFCB64 /* GoogleService-Info.plist */; };
		002825412AD2E97D00BFCB64 /* EditInfoView.swift in Sources */ = {isa = PBXBuildFile; fileRef = 002825402AD2E97D00BFCB64 /* EditInfoView.swift */; };
		002825432AD2E9A900BFCB64 /* ChangePasswordView.swift in Sources */ = {isa = PBXBuildFile; fileRef = 002825422AD2E9A900BFCB64 /* ChangePasswordView.swift */; };
		002825452AD2E9E200BFCB64 /* DeactiveAccoutView.swift in Sources */ = {isa = PBXBuildFile; fileRef = 002825442AD2E9E200BFCB64 /* DeactiveAccoutView.swift */; };
		002825472AD2EA0100BFCB64 /* DeleteAccountView.swift in Sources */ = {isa = PBXBuildFile; fileRef = 002825462AD2EA0100BFCB64 /* DeleteAccountView.swift */; };
		002825492AD2EA1C00BFCB64 /* EditInfoViewModel.swift in Sources */ = {isa = PBXBuildFile; fileRef = 002825482AD2EA1C00BFCB64 /* EditInfoViewModel.swift */; };
		0028254B2AD2EA4600BFCB64 /* ChangePasswordViewModel.swift in Sources */ = {isa = PBXBuildFile; fileRef = 0028254A2AD2EA4600BFCB64 /* ChangePasswordViewModel.swift */; };
		0028254D2AD2EA6000BFCB64 /* DeactivateAccountViewModel.swift in Sources */ = {isa = PBXBuildFile; fileRef = 0028254C2AD2EA6000BFCB64 /* DeactivateAccountViewModel.swift */; };
		0028254F2AD2EAC200BFCB64 /* DeleteAccountViewModel.swift in Sources */ = {isa = PBXBuildFile; fileRef = 0028254E2AD2EAC200BFCB64 /* DeleteAccountViewModel.swift */; };
		00447A4E2A285A77001BAB02 /* LoadingView.swift in Sources */ = {isa = PBXBuildFile; fileRef = 00447A4D2A285A77001BAB02 /* LoadingView.swift */; };
		00475F6C2A0AB8A200CA8227 /* PressPilotApp.swift in Sources */ = {isa = PBXBuildFile; fileRef = 00475F6B2A0AB8A200CA8227 /* PressPilotApp.swift */; };
		00475F6E2A0AB8A200CA8227 /* NewsView.swift in Sources */ = {isa = PBXBuildFile; fileRef = 00475F6D2A0AB8A200CA8227 /* NewsView.swift */; };
		00475F702A0AB8A300CA8227 /* Assets.xcassets in Resources */ = {isa = PBXBuildFile; fileRef = 00475F6F2A0AB8A300CA8227 /* Assets.xcassets */; };
		00475F732A0AB8A300CA8227 /* Preview Assets.xcassets in Resources */ = {isa = PBXBuildFile; fileRef = 00475F722A0AB8A300CA8227 /* Preview Assets.xcassets */; };
		00482EBB2A275ACD00AAC89A /* SettingsView.swift in Sources */ = {isa = PBXBuildFile; fileRef = 00482EBA2A275ACD00AAC89A /* SettingsView.swift */; };
		00492E612AD68FAA00C88B68 /* MonitoringNewtorkState.swift in Sources */ = {isa = PBXBuildFile; fileRef = 00492E602AD68FAA00C88B68 /* MonitoringNewtorkState.swift */; };
		0053FBBE2AC17506004C2DFE /* NewsCategoryModel.swift in Sources */ = {isa = PBXBuildFile; fileRef = 0053FBBD2AC17506004C2DFE /* NewsCategoryModel.swift */; };
		0053FBC02AC17575004C2DFE /* LanguageModel.swift in Sources */ = {isa = PBXBuildFile; fileRef = 0053FBBF2AC17575004C2DFE /* LanguageModel.swift */; };
		0053FBC22AC17631004C2DFE /* CountryModel.swift in Sources */ = {isa = PBXBuildFile; fileRef = 0053FBC12AC17631004C2DFE /* CountryModel.swift */; };
		0053FBC42AC1964F004C2DFE /* MainViewModel.swift in Sources */ = {isa = PBXBuildFile; fileRef = 0053FBC32AC1964F004C2DFE /* MainViewModel.swift */; };
		0053FBC62AC1977E004C2DFE /* NewsViewModel.swift in Sources */ = {isa = PBXBuildFile; fileRef = 0053FBC52AC1977E004C2DFE /* NewsViewModel.swift */; };
		0053FBC82AC1A7A1004C2DFE /* SavedViewModel.swift in Sources */ = {isa = PBXBuildFile; fileRef = 0053FBC72AC1A7A1004C2DFE /* SavedViewModel.swift */; };
		0053FBCA2AC1C95B004C2DFE /* MyProfileViewModel.swift in Sources */ = {isa = PBXBuildFile; fileRef = 0053FBC92AC1C95A004C2DFE /* MyProfileViewModel.swift */; };
		0053FBCC2AC1CDA4004C2DFE /* SignInViewModel.swift in Sources */ = {isa = PBXBuildFile; fileRef = 0053FBCB2AC1CDA4004C2DFE /* SignInViewModel.swift */; };
		0053FBCE2AC1D7FA004C2DFE /* SignUpViewModel.swift in Sources */ = {isa = PBXBuildFile; fileRef = 0053FBCD2AC1D7FA004C2DFE /* SignUpViewModel.swift */; };
		0053FBD02AC1E0C9004C2DFE /* DownloadedNewsViewModel.swift in Sources */ = {isa = PBXBuildFile; fileRef = 0053FBCF2AC1E0C9004C2DFE /* DownloadedNewsViewModel.swift */; };
		0053FBD22AC1E157004C2DFE /* SettingsViewModel.swift in Sources */ = {isa = PBXBuildFile; fileRef = 0053FBD12AC1E157004C2DFE /* SettingsViewModel.swift */; };
		006DB0F12A1295E70097E567 /* DownloadedNewsView.swift in Sources */ = {isa = PBXBuildFile; fileRef = 006DB0F02A1295E70097E567 /* DownloadedNewsView.swift */; };
		009486072AD7D8E5003D25C5 /* NewsFilterView.swift in Sources */ = {isa = PBXBuildFile; fileRef = 009486062AD7D8E5003D25C5 /* NewsFilterView.swift */; };
		009486092AD7D908003D25C5 /* NewsFilterViewModel.swift in Sources */ = {isa = PBXBuildFile; fileRef = 009486082AD7D908003D25C5 /* NewsFilterViewModel.swift */; };
		009E0E512A16635200ECAE73 /* K.swift in Sources */ = {isa = PBXBuildFile; fileRef = 009E0E502A16635200ECAE73 /* K.swift */; };
		009E0E572A174DED00ECAE73 /* AuthManager.swift in Sources */ = {isa = PBXBuildFile; fileRef = 009E0E562A174DED00ECAE73 /* AuthManager.swift */; };
		009E0E5A2A1793A100ECAE73 /* FirebaseAuth in Frameworks */ = {isa = PBXBuildFile; productRef = 009E0E592A1793A100ECAE73 /* FirebaseAuth */; };
		009E0E5C2A1793A100ECAE73 /* FirebaseFirestoreSwift in Frameworks */ = {isa = PBXBuildFile; productRef = 009E0E5B2A1793A100ECAE73 /* FirebaseFirestoreSwift */; };
		009FDCFF2A11386D0088F44B /* FormElements.swift in Sources */ = {isa = PBXBuildFile; fileRef = 009FDCFE2A11386D0088F44B /* FormElements.swift */; };
		00B9FEF12AD592A5009C23B0 /* ForgotPasswordView.swift in Sources */ = {isa = PBXBuildFile; fileRef = 00B9FEF02AD592A5009C23B0 /* ForgotPasswordView.swift */; };
		00B9FEF32AD59357009C23B0 /* ForgotPasswordViewModel.swift in Sources */ = {isa = PBXBuildFile; fileRef = 00B9FEF22AD59357009C23B0 /* ForgotPasswordViewModel.swift */; };
		00BBA6272A262D7B0010E986 /* DataManager.swift in Sources */ = {isa = PBXBuildFile; fileRef = 00BBA6262A262D7B0010E986 /* DataManager.swift */; };
		00BBA6292A2636050010E986 /* UserModel.swift in Sources */ = {isa = PBXBuildFile; fileRef = 00BBA6282A2636050010E986 /* UserModel.swift */; };
		00E9DE482A0E966F00C440CF /* NetworkManager.swift in Sources */ = {isa = PBXBuildFile; fileRef = 00E9DE472A0E966F00C440CF /* NetworkManager.swift */; };
		00E9DE4C2A0E9B1800C440CF /* NewsModel.swift in Sources */ = {isa = PBXBuildFile; fileRef = 00E9DE4B2A0E9B1800C440CF /* NewsModel.swift */; };
		00E9DE4F2A0EBF1900C440CF /* MainView.swift in Sources */ = {isa = PBXBuildFile; fileRef = 00E9DE4E2A0EBF1900C440CF /* MainView.swift */; };
		00E9DE512A0EC15D00C440CF /* SavedView.swift in Sources */ = {isa = PBXBuildFile; fileRef = 00E9DE502A0EC15D00C440CF /* SavedView.swift */; };
		00E9DE532A0EC1C300C440CF /* MyProfileView.swift in Sources */ = {isa = PBXBuildFile; fileRef = 00E9DE522A0EC1C300C440CF /* MyProfileView.swift */; };
		00E9DE552A0F9E6300C440CF /* DetailView.swift in Sources */ = {isa = PBXBuildFile; fileRef = 00E9DE542A0F9E6300C440CF /* DetailView.swift */; };
		00E9DE572A0F9F4E00C440CF /* WebView.swift in Sources */ = {isa = PBXBuildFile; fileRef = 00E9DE562A0F9F4E00C440CF /* WebView.swift */; };
		00E9DE592A0FE61000C440CF /* SignInView.swift in Sources */ = {isa = PBXBuildFile; fileRef = 00E9DE582A0FE61000C440CF /* SignInView.swift */; };
		00E9DE5B2A0FE62100C440CF /* SignUpView.swift in Sources */ = {isa = PBXBuildFile; fileRef = 00E9DE5A2A0FE62100C440CF /* SignUpView.swift */; };
		00E9DE5E2A0FFCB800C440CF /* FloatingLabelTextFieldSwiftUI in Frameworks */ = {isa = PBXBuildFile; productRef = 00E9DE5D2A0FFCB800C440CF /* FloatingLabelTextFieldSwiftUI */; };
		00E9DE602A10C0EA00C440CF /* ThemeTextFieldStyle.swift in Sources */ = {isa = PBXBuildFile; fileRef = 00E9DE5F2A10C0EA00C440CF /* ThemeTextFieldStyle.swift */; };
		00FE29972AD6D3A000845E98 /* DetailViewModel.swift in Sources */ = {isa = PBXBuildFile; fileRef = 00FE29962AD6D3A000845E98 /* DetailViewModel.swift */; };
/* End PBXBuildFile section */

/* Begin PBXFileReference section */
		000A76712A3346E20052A3E8 /* DeviceRotationViewModifier.swift */ = {isa = PBXFileReference; lastKnownFileType = sourcecode.swift; path = DeviceRotationViewModifier.swift; sourceTree = "<group>"; };
		0026E2D62A23A44F00F0308D /* RequestManager.swift */ = {isa = PBXFileReference; lastKnownFileType = sourcecode.swift; path = RequestManager.swift; sourceTree = "<group>"; };
		0028253C2AD2E8A700BFCB64 /* Config.swift */ = {isa = PBXFileReference; fileEncoding = 4; lastKnownFileType = sourcecode.swift; path = Config.swift; sourceTree = "<group>"; };
		0028253D2AD2E8A700BFCB64 /* GoogleService-Info.plist */ = {isa = PBXFileReference; fileEncoding = 4; lastKnownFileType = text.plist.xml; path = "GoogleService-Info.plist"; sourceTree = "<group>"; };
		002825402AD2E97D00BFCB64 /* EditInfoView.swift */ = {isa = PBXFileReference; lastKnownFileType = sourcecode.swift; path = EditInfoView.swift; sourceTree = "<group>"; };
		002825422AD2E9A900BFCB64 /* ChangePasswordView.swift */ = {isa = PBXFileReference; lastKnownFileType = sourcecode.swift; path = ChangePasswordView.swift; sourceTree = "<group>"; };
		002825442AD2E9E200BFCB64 /* DeactiveAccoutView.swift */ = {isa = PBXFileReference; lastKnownFileType = sourcecode.swift; path = DeactiveAccoutView.swift; sourceTree = "<group>"; };
		002825462AD2EA0100BFCB64 /* DeleteAccountView.swift */ = {isa = PBXFileReference; lastKnownFileType = sourcecode.swift; path = DeleteAccountView.swift; sourceTree = "<group>"; };
		002825482AD2EA1C00BFCB64 /* EditInfoViewModel.swift */ = {isa = PBXFileReference; lastKnownFileType = sourcecode.swift; path = EditInfoViewModel.swift; sourceTree = "<group>"; };
		0028254A2AD2EA4600BFCB64 /* ChangePasswordViewModel.swift */ = {isa = PBXFileReference; lastKnownFileType = sourcecode.swift; path = ChangePasswordViewModel.swift; sourceTree = "<group>"; };
		0028254C2AD2EA6000BFCB64 /* DeactivateAccountViewModel.swift */ = {isa = PBXFileReference; lastKnownFileType = sourcecode.swift; path = DeactivateAccountViewModel.swift; sourceTree = "<group>"; };
		0028254E2AD2EAC200BFCB64 /* DeleteAccountViewModel.swift */ = {isa = PBXFileReference; lastKnownFileType = sourcecode.swift; path = DeleteAccountViewModel.swift; sourceTree = "<group>"; };
		00447A4D2A285A77001BAB02 /* LoadingView.swift */ = {isa = PBXFileReference; lastKnownFileType = sourcecode.swift; path = LoadingView.swift; sourceTree = "<group>"; };
		00475F682A0AB8A200CA8227 /* PressPilot.app */ = {isa = PBXFileReference; explicitFileType = wrapper.application; includeInIndex = 0; path = PressPilot.app; sourceTree = BUILT_PRODUCTS_DIR; };
		00475F6B2A0AB8A200CA8227 /* PressPilotApp.swift */ = {isa = PBXFileReference; lastKnownFileType = sourcecode.swift; path = PressPilotApp.swift; sourceTree = "<group>"; };
		00475F6D2A0AB8A200CA8227 /* NewsView.swift */ = {isa = PBXFileReference; lastKnownFileType = sourcecode.swift; path = NewsView.swift; sourceTree = "<group>"; };
		00475F6F2A0AB8A300CA8227 /* Assets.xcassets */ = {isa = PBXFileReference; lastKnownFileType = folder.assetcatalog; path = Assets.xcassets; sourceTree = "<group>"; };
		00475F722A0AB8A300CA8227 /* Preview Assets.xcassets */ = {isa = PBXFileReference; lastKnownFileType = folder.assetcatalog; path = "Preview Assets.xcassets"; sourceTree = "<group>"; };
		00482EBA2A275ACD00AAC89A /* SettingsView.swift */ = {isa = PBXFileReference; lastKnownFileType = sourcecode.swift; path = SettingsView.swift; sourceTree = "<group>"; };
		00492E602AD68FAA00C88B68 /* MonitoringNewtorkState.swift */ = {isa = PBXFileReference; lastKnownFileType = sourcecode.swift; path = MonitoringNewtorkState.swift; sourceTree = "<group>"; };
		0053FBBD2AC17506004C2DFE /* NewsCategoryModel.swift */ = {isa = PBXFileReference; lastKnownFileType = sourcecode.swift; path = NewsCategoryModel.swift; sourceTree = "<group>"; };
		0053FBBF2AC17575004C2DFE /* LanguageModel.swift */ = {isa = PBXFileReference; lastKnownFileType = sourcecode.swift; path = LanguageModel.swift; sourceTree = "<group>"; };
		0053FBC12AC17631004C2DFE /* CountryModel.swift */ = {isa = PBXFileReference; lastKnownFileType = sourcecode.swift; path = CountryModel.swift; sourceTree = "<group>"; };
		0053FBC32AC1964F004C2DFE /* MainViewModel.swift */ = {isa = PBXFileReference; lastKnownFileType = sourcecode.swift; path = MainViewModel.swift; sourceTree = "<group>"; };
		0053FBC52AC1977E004C2DFE /* NewsViewModel.swift */ = {isa = PBXFileReference; lastKnownFileType = sourcecode.swift; path = NewsViewModel.swift; sourceTree = "<group>"; };
		0053FBC72AC1A7A1004C2DFE /* SavedViewModel.swift */ = {isa = PBXFileReference; lastKnownFileType = sourcecode.swift; path = SavedViewModel.swift; sourceTree = "<group>"; };
		0053FBC92AC1C95A004C2DFE /* MyProfileViewModel.swift */ = {isa = PBXFileReference; lastKnownFileType = sourcecode.swift; path = MyProfileViewModel.swift; sourceTree = "<group>"; };
		0053FBCB2AC1CDA4004C2DFE /* SignInViewModel.swift */ = {isa = PBXFileReference; lastKnownFileType = sourcecode.swift; path = SignInViewModel.swift; sourceTree = "<group>"; };
		0053FBCD2AC1D7FA004C2DFE /* SignUpViewModel.swift */ = {isa = PBXFileReference; lastKnownFileType = sourcecode.swift; path = SignUpViewModel.swift; sourceTree = "<group>"; };
		0053FBCF2AC1E0C9004C2DFE /* DownloadedNewsViewModel.swift */ = {isa = PBXFileReference; lastKnownFileType = sourcecode.swift; path = DownloadedNewsViewModel.swift; sourceTree = "<group>"; };
		0053FBD12AC1E157004C2DFE /* SettingsViewModel.swift */ = {isa = PBXFileReference; lastKnownFileType = sourcecode.swift; path = SettingsViewModel.swift; sourceTree = "<group>"; };
		006DB0F02A1295E70097E567 /* DownloadedNewsView.swift */ = {isa = PBXFileReference; lastKnownFileType = sourcecode.swift; path = DownloadedNewsView.swift; sourceTree = "<group>"; };
		009486062AD7D8E5003D25C5 /* NewsFilterView.swift */ = {isa = PBXFileReference; lastKnownFileType = sourcecode.swift; path = NewsFilterView.swift; sourceTree = "<group>"; };
		009486082AD7D908003D25C5 /* NewsFilterViewModel.swift */ = {isa = PBXFileReference; lastKnownFileType = sourcecode.swift; path = NewsFilterViewModel.swift; sourceTree = "<group>"; };
		009E0E502A16635200ECAE73 /* K.swift */ = {isa = PBXFileReference; lastKnownFileType = sourcecode.swift; path = K.swift; sourceTree = "<group>"; };
		009E0E562A174DED00ECAE73 /* AuthManager.swift */ = {isa = PBXFileReference; lastKnownFileType = sourcecode.swift; path = AuthManager.swift; sourceTree = "<group>"; };
		009FDCFE2A11386D0088F44B /* FormElements.swift */ = {isa = PBXFileReference; lastKnownFileType = sourcecode.swift; path = FormElements.swift; sourceTree = "<group>"; };
		00B9FEF02AD592A5009C23B0 /* ForgotPasswordView.swift */ = {isa = PBXFileReference; lastKnownFileType = sourcecode.swift; path = ForgotPasswordView.swift; sourceTree = "<group>"; };
		00B9FEF22AD59357009C23B0 /* ForgotPasswordViewModel.swift */ = {isa = PBXFileReference; lastKnownFileType = sourcecode.swift; path = ForgotPasswordViewModel.swift; sourceTree = "<group>"; };
		00BBA6262A262D7B0010E986 /* DataManager.swift */ = {isa = PBXFileReference; lastKnownFileType = sourcecode.swift; path = DataManager.swift; sourceTree = "<group>"; };
		00BBA6282A2636050010E986 /* UserModel.swift */ = {isa = PBXFileReference; lastKnownFileType = sourcecode.swift; path = UserModel.swift; sourceTree = "<group>"; };
		00E9DE472A0E966F00C440CF /* NetworkManager.swift */ = {isa = PBXFileReference; lastKnownFileType = sourcecode.swift; path = NetworkManager.swift; sourceTree = "<group>"; };
		00E9DE4B2A0E9B1800C440CF /* NewsModel.swift */ = {isa = PBXFileReference; lastKnownFileType = sourcecode.swift; path = NewsModel.swift; sourceTree = "<group>"; };
		00E9DE4E2A0EBF1900C440CF /* MainView.swift */ = {isa = PBXFileReference; lastKnownFileType = sourcecode.swift; path = MainView.swift; sourceTree = "<group>"; };
		00E9DE502A0EC15D00C440CF /* SavedView.swift */ = {isa = PBXFileReference; lastKnownFileType = sourcecode.swift; path = SavedView.swift; sourceTree = "<group>"; };
		00E9DE522A0EC1C300C440CF /* MyProfileView.swift */ = {isa = PBXFileReference; lastKnownFileType = sourcecode.swift; path = MyProfileView.swift; sourceTree = "<group>"; };
		00E9DE542A0F9E6300C440CF /* DetailView.swift */ = {isa = PBXFileReference; lastKnownFileType = sourcecode.swift; path = DetailView.swift; sourceTree = "<group>"; };
		00E9DE562A0F9F4E00C440CF /* WebView.swift */ = {isa = PBXFileReference; lastKnownFileType = sourcecode.swift; path = WebView.swift; sourceTree = "<group>"; };
		00E9DE582A0FE61000C440CF /* SignInView.swift */ = {isa = PBXFileReference; lastKnownFileType = sourcecode.swift; path = SignInView.swift; sourceTree = "<group>"; };
		00E9DE5A2A0FE62100C440CF /* SignUpView.swift */ = {isa = PBXFileReference; lastKnownFileType = sourcecode.swift; path = SignUpView.swift; sourceTree = "<group>"; };
		00E9DE5F2A10C0EA00C440CF /* ThemeTextFieldStyle.swift */ = {isa = PBXFileReference; lastKnownFileType = sourcecode.swift; path = ThemeTextFieldStyle.swift; sourceTree = "<group>"; };
		00FE29962AD6D3A000845E98 /* DetailViewModel.swift */ = {isa = PBXFileReference; lastKnownFileType = sourcecode.swift; path = DetailViewModel.swift; sourceTree = "<group>"; };
/* End PBXFileReference section */

/* Begin PBXFrameworksBuildPhase section */
		00475F652A0AB8A200CA8227 /* Frameworks */ = {
			isa = PBXFrameworksBuildPhase;
			buildActionMask = 2147483647;
			files = (
				00E9DE5E2A0FFCB800C440CF /* FloatingLabelTextFieldSwiftUI in Frameworks */,
				009E0E5A2A1793A100ECAE73 /* FirebaseAuth in Frameworks */,
				009E0E5C2A1793A100ECAE73 /* FirebaseFirestoreSwift in Frameworks */,
			);
			runOnlyForDeploymentPostprocessing = 0;
		};
/* End PBXFrameworksBuildPhase section */

/* Begin PBXGroup section */
		00447A4C2A285A35001BAB02 /* CustomViews */ = {
			isa = PBXGroup;
			children = (
				009FDCFE2A11386D0088F44B /* FormElements.swift */,
				00447A4D2A285A77001BAB02 /* LoadingView.swift */,
				00E9DE5F2A10C0EA00C440CF /* ThemeTextFieldStyle.swift */,
				000A76712A3346E20052A3E8 /* DeviceRotationViewModifier.swift */,
			);
			path = CustomViews;
			sourceTree = "<group>";
		};
		00475F5F2A0AB8A200CA8227 = {
			isa = PBXGroup;
			children = (
				00475F6A2A0AB8A200CA8227 /* PressPilot */,
				00475F692A0AB8A200CA8227 /* Products */,
			);
			sourceTree = "<group>";
		};
		00475F692A0AB8A200CA8227 /* Products */ = {
			isa = PBXGroup;
			children = (
				00475F682A0AB8A200CA8227 /* PressPilot.app */,
			);
			name = Products;
			sourceTree = "<group>";
		};
		00475F6A2A0AB8A200CA8227 /* PressPilot */ = {
			isa = PBXGroup;
			children = (
				0028253C2AD2E8A700BFCB64 /* Config.swift */,
				0028253D2AD2E8A700BFCB64 /* GoogleService-Info.plist */,
				00475F6B2A0AB8A200CA8227 /* PressPilotApp.swift */,
				009E0E502A16635200ECAE73 /* K.swift */,
				00492E602AD68FAA00C88B68 /* MonitoringNewtorkState.swift */,
				00E9DE462A0E964800C440CF /* Model */,
				00E9DE4D2A0EA10D00C440CF /* View */,
				0053FBBA2AC033C7004C2DFE /* View Model */,
				00447A4C2A285A35001BAB02 /* CustomViews */,
				00475F6F2A0AB8A300CA8227 /* Assets.xcassets */,
				00475F712A0AB8A300CA8227 /* Preview Content */,
			);
			path = PressPilot;
			sourceTree = "<group>";
		};
		00475F712A0AB8A300CA8227 /* Preview Content */ = {
			isa = PBXGroup;
			children = (
				00475F722A0AB8A300CA8227 /* Preview Assets.xcassets */,
			);
			path = "Preview Content";
			sourceTree = "<group>";
		};
		0053FBBA2AC033C7004C2DFE /* View Model */ = {
			isa = PBXGroup;
			children = (
				0053FBC32AC1964F004C2DFE /* MainViewModel.swift */,
				0053FBC52AC1977E004C2DFE /* NewsViewModel.swift */,
				0053FBC72AC1A7A1004C2DFE /* SavedViewModel.swift */,
				0053FBC92AC1C95A004C2DFE /* MyProfileViewModel.swift */,
				0053FBCB2AC1CDA4004C2DFE /* SignInViewModel.swift */,
				0053FBCD2AC1D7FA004C2DFE /* SignUpViewModel.swift */,
				0053FBCF2AC1E0C9004C2DFE /* DownloadedNewsViewModel.swift */,
				0053FBD12AC1E157004C2DFE /* SettingsViewModel.swift */,
				002825482AD2EA1C00BFCB64 /* EditInfoViewModel.swift */,
				0028254A2AD2EA4600BFCB64 /* ChangePasswordViewModel.swift */,
				0028254C2AD2EA6000BFCB64 /* DeactivateAccountViewModel.swift */,
				0028254E2AD2EAC200BFCB64 /* DeleteAccountViewModel.swift */,
				00B9FEF22AD59357009C23B0 /* ForgotPasswordViewModel.swift */,
				00FE29962AD6D3A000845E98 /* DetailViewModel.swift */,
				009486082AD7D908003D25C5 /* NewsFilterViewModel.swift */,
			);
			path = "View Model";
			sourceTree = "<group>";
		};
		00E9DE462A0E964800C440CF /* Model */ = {
			isa = PBXGroup;
			children = (
				00E9DE472A0E966F00C440CF /* NetworkManager.swift */,
				0026E2D62A23A44F00F0308D /* RequestManager.swift */,
				009E0E562A174DED00ECAE73 /* AuthManager.swift */,
				00BBA6262A262D7B0010E986 /* DataManager.swift */,
				00BBA6282A2636050010E986 /* UserModel.swift */,
				00E9DE4B2A0E9B1800C440CF /* NewsModel.swift */,
				0053FBBD2AC17506004C2DFE /* NewsCategoryModel.swift */,
				0053FBBF2AC17575004C2DFE /* LanguageModel.swift */,
				0053FBC12AC17631004C2DFE /* CountryModel.swift */,
			);
			path = Model;
			sourceTree = "<group>";
		};
		00E9DE4D2A0EA10D00C440CF /* View */ = {
			isa = PBXGroup;
			children = (
				00E9DE4E2A0EBF1900C440CF /* MainView.swift */,
				00475F6D2A0AB8A200CA8227 /* NewsView.swift */,
				00E9DE542A0F9E6300C440CF /* DetailView.swift */,
				00E9DE562A0F9F4E00C440CF /* WebView.swift */,
				00E9DE502A0EC15D00C440CF /* SavedView.swift */,
				00E9DE522A0EC1C300C440CF /* MyProfileView.swift */,
				00E9DE582A0FE61000C440CF /* SignInView.swift */,
				00E9DE5A2A0FE62100C440CF /* SignUpView.swift */,
				006DB0F02A1295E70097E567 /* DownloadedNewsView.swift */,
				00482EBA2A275ACD00AAC89A /* SettingsView.swift */,
				002825402AD2E97D00BFCB64 /* EditInfoView.swift */,
				002825422AD2E9A900BFCB64 /* ChangePasswordView.swift */,
				002825442AD2E9E200BFCB64 /* DeactiveAccoutView.swift */,
				002825462AD2EA0100BFCB64 /* DeleteAccountView.swift */,
				00B9FEF02AD592A5009C23B0 /* ForgotPasswordView.swift */,
				009486062AD7D8E5003D25C5 /* NewsFilterView.swift */,
			);
			path = View;
			sourceTree = "<group>";
		};
/* End PBXGroup section */

/* Begin PBXNativeTarget section */
		00475F672A0AB8A200CA8227 /* PressPilot */ = {
			isa = PBXNativeTarget;
			buildConfigurationList = 00475F762A0AB8A300CA8227 /* Build configuration list for PBXNativeTarget "PressPilot" */;
			buildPhases = (
				00475F642A0AB8A200CA8227 /* Sources */,
				00475F652A0AB8A200CA8227 /* Frameworks */,
				00475F662A0AB8A200CA8227 /* Resources */,
			);
			buildRules = (
			);
			dependencies = (
			);
			name = PressPilot;
			packageProductDependencies = (
				00E9DE5D2A0FFCB800C440CF /* FloatingLabelTextFieldSwiftUI */,
				009E0E592A1793A100ECAE73 /* FirebaseAuth */,
				009E0E5B2A1793A100ECAE73 /* FirebaseFirestoreSwift */,
			);
			productName = PressPilot;
			productReference = 00475F682A0AB8A200CA8227 /* PressPilot.app */;
			productType = "com.apple.product-type.application";
		};
/* End PBXNativeTarget section */

/* Begin PBXProject section */
		00475F602A0AB8A200CA8227 /* Project object */ = {
			isa = PBXProject;
			attributes = {
				BuildIndependentTargetsInParallel = 1;
				LastSwiftUpdateCheck = 1430;
				LastUpgradeCheck = 1430;
				TargetAttributes = {
					00475F672A0AB8A200CA8227 = {
						CreatedOnToolsVersion = 14.3;
					};
				};
			};
			buildConfigurationList = 00475F632A0AB8A200CA8227 /* Build configuration list for PBXProject "PressPilot" */;
			compatibilityVersion = "Xcode 14.0";
			developmentRegion = en;
			hasScannedForEncodings = 0;
			knownRegions = (
				en,
				Base,
			);
			mainGroup = 00475F5F2A0AB8A200CA8227;
			packageReferences = (
				00E9DE5C2A0FFCB700C440CF /* XCRemoteSwiftPackageReference "FloatingLabelTextFieldSwiftUI" */,
				009E0E582A1793A000ECAE73 /* XCRemoteSwiftPackageReference "firebase-ios-sdk" */,
			);
			productRefGroup = 00475F692A0AB8A200CA8227 /* Products */;
			projectDirPath = "";
			projectRoot = "";
			targets = (
				00475F672A0AB8A200CA8227 /* PressPilot */,
			);
		};
/* End PBXProject section */

/* Begin PBXResourcesBuildPhase section */
		00475F662A0AB8A200CA8227 /* Resources */ = {
			isa = PBXResourcesBuildPhase;
			buildActionMask = 2147483647;
			files = (
				00475F732A0AB8A300CA8227 /* Preview Assets.xcassets in Resources */,
				00475F702A0AB8A300CA8227 /* Assets.xcassets in Resources */,
				0028253F2AD2E8A700BFCB64 /* GoogleService-Info.plist in Resources */,
			);
			runOnlyForDeploymentPostprocessing = 0;
		};
/* End PBXResourcesBuildPhase section */

/* Begin PBXSourcesBuildPhase section */
		00475F642A0AB8A200CA8227 /* Sources */ = {
			isa = PBXSourcesBuildPhase;
			buildActionMask = 2147483647;
			files = (
				0028254B2AD2EA4600BFCB64 /* ChangePasswordViewModel.swift in Sources */,
				00E9DE532A0EC1C300C440CF /* MyProfileView.swift in Sources */,
				0028254D2AD2EA6000BFCB64 /* DeactivateAccountViewModel.swift in Sources */,
				002825432AD2E9A900BFCB64 /* ChangePasswordView.swift in Sources */,
				0028254F2AD2EAC200BFCB64 /* DeleteAccountViewModel.swift in Sources */,
				002825412AD2E97D00BFCB64 /* EditInfoView.swift in Sources */,
				0053FBD02AC1E0C9004C2DFE /* DownloadedNewsViewModel.swift in Sources */,
				00E9DE572A0F9F4E00C440CF /* WebView.swift in Sources */,
				000A76722A3346E20052A3E8 /* DeviceRotationViewModifier.swift in Sources */,
				00E9DE552A0F9E6300C440CF /* DetailView.swift in Sources */,
				00B9FEF12AD592A5009C23B0 /* ForgotPasswordView.swift in Sources */,
				00FE29972AD6D3A000845E98 /* DetailViewModel.swift in Sources */,
				00447A4E2A285A77001BAB02 /* LoadingView.swift in Sources */,
				009486072AD7D8E5003D25C5 /* NewsFilterView.swift in Sources */,
				009E0E512A16635200ECAE73 /* K.swift in Sources */,
				0053FBC62AC1977E004C2DFE /* NewsViewModel.swift in Sources */,
				0053FBCC2AC1CDA4004C2DFE /* SignInViewModel.swift in Sources */,
				00E9DE5B2A0FE62100C440CF /* SignUpView.swift in Sources */,
				0053FBC42AC1964F004C2DFE /* MainViewModel.swift in Sources */,
				009486092AD7D908003D25C5 /* NewsFilterViewModel.swift in Sources */,
				0053FBBE2AC17506004C2DFE /* NewsCategoryModel.swift in Sources */,
				009E0E572A174DED00ECAE73 /* AuthManager.swift in Sources */,
				0053FBC02AC17575004C2DFE /* LanguageModel.swift in Sources */,
				00BBA6272A262D7B0010E986 /* DataManager.swift in Sources */,
				006DB0F12A1295E70097E567 /* DownloadedNewsView.swift in Sources */,
				0028253E2AD2E8A700BFCB64 /* Config.swift in Sources */,
				0053FBC82AC1A7A1004C2DFE /* SavedViewModel.swift in Sources */,
				00E9DE482A0E966F00C440CF /* NetworkManager.swift in Sources */,
				0053FBCE2AC1D7FA004C2DFE /* SignUpViewModel.swift in Sources */,
				002825472AD2EA0100BFCB64 /* DeleteAccountView.swift in Sources */,
				0053FBC22AC17631004C2DFE /* CountryModel.swift in Sources */,
				00B9FEF32AD59357009C23B0 /* ForgotPasswordViewModel.swift in Sources */,
				00492E612AD68FAA00C88B68 /* MonitoringNewtorkState.swift in Sources */,
				00E9DE4F2A0EBF1900C440CF /* MainView.swift in Sources */,
				00E9DE512A0EC15D00C440CF /* SavedView.swift in Sources */,
				00475F6E2A0AB8A200CA8227 /* NewsView.swift in Sources */,
				0026E2D72A23A44F00F0308D /* RequestManager.swift in Sources */,
				0053FBCA2AC1C95B004C2DFE /* MyProfileViewModel.swift in Sources */,
				00E9DE592A0FE61000C440CF /* SignInView.swift in Sources */,
				00475F6C2A0AB8A200CA8227 /* PressPilotApp.swift in Sources */,
				002825492AD2EA1C00BFCB64 /* EditInfoViewModel.swift in Sources */,
				00482EBB2A275ACD00AAC89A /* SettingsView.swift in Sources */,
				002825452AD2E9E200BFCB64 /* DeactiveAccoutView.swift in Sources */,
				00E9DE4C2A0E9B1800C440CF /* NewsModel.swift in Sources */,
				009FDCFF2A11386D0088F44B /* FormElements.swift in Sources */,
				00BBA6292A2636050010E986 /* UserModel.swift in Sources */,
				00E9DE602A10C0EA00C440CF /* ThemeTextFieldStyle.swift in Sources */,
				0053FBD22AC1E157004C2DFE /* SettingsViewModel.swift in Sources */,
			);
			runOnlyForDeploymentPostprocessing = 0;
		};
/* End PBXSourcesBuildPhase section */

/* Begin XCBuildConfiguration section */
		00475F742A0AB8A300CA8227 /* Debug */ = {
			isa = XCBuildConfiguration;
			buildSettings = {
				ALWAYS_SEARCH_USER_PATHS = NO;
				CLANG_ANALYZER_NONNULL = YES;
				CLANG_ANALYZER_NUMBER_OBJECT_CONVERSION = YES_AGGRESSIVE;
				CLANG_CXX_LANGUAGE_STANDARD = "gnu++20";
				CLANG_ENABLE_MODULES = YES;
				CLANG_ENABLE_OBJC_ARC = YES;
				CLANG_ENABLE_OBJC_WEAK = YES;
				CLANG_WARN_BLOCK_CAPTURE_AUTORELEASING = YES;
				CLANG_WARN_BOOL_CONVERSION = YES;
				CLANG_WARN_COMMA = YES;
				CLANG_WARN_CONSTANT_CONVERSION = YES;
				CLANG_WARN_DEPRECATED_OBJC_IMPLEMENTATIONS = YES;
				CLANG_WARN_DIRECT_OBJC_ISA_USAGE = YES_ERROR;
				CLANG_WARN_DOCUMENTATION_COMMENTS = YES;
				CLANG_WARN_EMPTY_BODY = YES;
				CLANG_WARN_ENUM_CONVERSION = YES;
				CLANG_WARN_INFINITE_RECURSION = YES;
				CLANG_WARN_INT_CONVERSION = YES;
				CLANG_WARN_NON_LITERAL_NULL_CONVERSION = YES;
				CLANG_WARN_OBJC_IMPLICIT_RETAIN_SELF = YES;
				CLANG_WARN_OBJC_LITERAL_CONVERSION = YES;
				CLANG_WARN_OBJC_ROOT_CLASS = YES_ERROR;
				CLANG_WARN_QUOTED_INCLUDE_IN_FRAMEWORK_HEADER = YES;
				CLANG_WARN_RANGE_LOOP_ANALYSIS = YES;
				CLANG_WARN_STRICT_PROTOTYPES = YES;
				CLANG_WARN_SUSPICIOUS_MOVE = YES;
				CLANG_WARN_UNGUARDED_AVAILABILITY = YES_AGGRESSIVE;
				CLANG_WARN_UNREACHABLE_CODE = YES;
				CLANG_WARN__DUPLICATE_METHOD_MATCH = YES;
				COPY_PHASE_STRIP = NO;
				DEBUG_INFORMATION_FORMAT = dwarf;
				ENABLE_STRICT_OBJC_MSGSEND = YES;
				ENABLE_TESTABILITY = YES;
				GCC_C_LANGUAGE_STANDARD = gnu11;
				GCC_DYNAMIC_NO_PIC = NO;
				GCC_NO_COMMON_BLOCKS = YES;
				GCC_OPTIMIZATION_LEVEL = 0;
				GCC_PREPROCESSOR_DEFINITIONS = (
					"DEBUG=1",
					"$(inherited)",
				);
				GCC_WARN_64_TO_32_BIT_CONVERSION = YES;
				GCC_WARN_ABOUT_RETURN_TYPE = YES_ERROR;
				GCC_WARN_UNDECLARED_SELECTOR = YES;
				GCC_WARN_UNINITIALIZED_AUTOS = YES_AGGRESSIVE;
				GCC_WARN_UNUSED_FUNCTION = YES;
				GCC_WARN_UNUSED_VARIABLE = YES;
				IPHONEOS_DEPLOYMENT_TARGET = 16.0;
				MTL_ENABLE_DEBUG_INFO = INCLUDE_SOURCE;
				MTL_FAST_MATH = YES;
				ONLY_ACTIVE_ARCH = YES;
				SDKROOT = iphoneos;
				SWIFT_ACTIVE_COMPILATION_CONDITIONS = DEBUG;
				SWIFT_OPTIMIZATION_LEVEL = "-Onone";
			};
			name = Debug;
		};
		00475F752A0AB8A300CA8227 /* Release */ = {
			isa = XCBuildConfiguration;
			buildSettings = {
				ALWAYS_SEARCH_USER_PATHS = NO;
				CLANG_ANALYZER_NONNULL = YES;
				CLANG_ANALYZER_NUMBER_OBJECT_CONVERSION = YES_AGGRESSIVE;
				CLANG_CXX_LANGUAGE_STANDARD = "gnu++20";
				CLANG_ENABLE_MODULES = YES;
				CLANG_ENABLE_OBJC_ARC = YES;
				CLANG_ENABLE_OBJC_WEAK = YES;
				CLANG_WARN_BLOCK_CAPTURE_AUTORELEASING = YES;
				CLANG_WARN_BOOL_CONVERSION = YES;
				CLANG_WARN_COMMA = YES;
				CLANG_WARN_CONSTANT_CONVERSION = YES;
				CLANG_WARN_DEPRECATED_OBJC_IMPLEMENTATIONS = YES;
				CLANG_WARN_DIRECT_OBJC_ISA_USAGE = YES_ERROR;
				CLANG_WARN_DOCUMENTATION_COMMENTS = YES;
				CLANG_WARN_EMPTY_BODY = YES;
				CLANG_WARN_ENUM_CONVERSION = YES;
				CLANG_WARN_INFINITE_RECURSION = YES;
				CLANG_WARN_INT_CONVERSION = YES;
				CLANG_WARN_NON_LITERAL_NULL_CONVERSION = YES;
				CLANG_WARN_OBJC_IMPLICIT_RETAIN_SELF = YES;
				CLANG_WARN_OBJC_LITERAL_CONVERSION = YES;
				CLANG_WARN_OBJC_ROOT_CLASS = YES_ERROR;
				CLANG_WARN_QUOTED_INCLUDE_IN_FRAMEWORK_HEADER = YES;
				CLANG_WARN_RANGE_LOOP_ANALYSIS = YES;
				CLANG_WARN_STRICT_PROTOTYPES = YES;
				CLANG_WARN_SUSPICIOUS_MOVE = YES;
				CLANG_WARN_UNGUARDED_AVAILABILITY = YES_AGGRESSIVE;
				CLANG_WARN_UNREACHABLE_CODE = YES;
				CLANG_WARN__DUPLICATE_METHOD_MATCH = YES;
				COPY_PHASE_STRIP = NO;
				DEBUG_INFORMATION_FORMAT = "dwarf-with-dsym";
				ENABLE_NS_ASSERTIONS = NO;
				ENABLE_STRICT_OBJC_MSGSEND = YES;
				GCC_C_LANGUAGE_STANDARD = gnu11;
				GCC_NO_COMMON_BLOCKS = YES;
				GCC_WARN_64_TO_32_BIT_CONVERSION = YES;
				GCC_WARN_ABOUT_RETURN_TYPE = YES_ERROR;
				GCC_WARN_UNDECLARED_SELECTOR = YES;
				GCC_WARN_UNINITIALIZED_AUTOS = YES_AGGRESSIVE;
				GCC_WARN_UNUSED_FUNCTION = YES;
				GCC_WARN_UNUSED_VARIABLE = YES;
				IPHONEOS_DEPLOYMENT_TARGET = 16.0;
				MTL_ENABLE_DEBUG_INFO = NO;
				MTL_FAST_MATH = YES;
				SDKROOT = iphoneos;
				SWIFT_COMPILATION_MODE = wholemodule;
				SWIFT_OPTIMIZATION_LEVEL = "-O";
				VALIDATE_PRODUCT = YES;
			};
			name = Release;
		};
		00475F772A0AB8A300CA8227 /* Debug */ = {
			isa = XCBuildConfiguration;
			buildSettings = {
				ASSETCATALOG_COMPILER_APPICON_NAME = AppIcon;
				ASSETCATALOG_COMPILER_GLOBAL_ACCENT_COLOR_NAME = AccentColor;
				CODE_SIGN_IDENTITY = "Apple Development";
				CODE_SIGN_STYLE = Automatic;
				CURRENT_PROJECT_VERSION = 1;
				DEVELOPMENT_ASSET_PATHS = "\"PressPilot/Preview Content\"";
				DEVELOPMENT_TEAM = JTC82K5425;
				ENABLE_PREVIEWS = YES;
				GENERATE_INFOPLIST_FILE = YES;
				INFOPLIST_KEY_UIApplicationSceneManifest_Generation = YES;
				INFOPLIST_KEY_UIApplicationSupportsIndirectInputEvents = YES;
				INFOPLIST_KEY_UILaunchScreen_Generation = YES;
				INFOPLIST_KEY_UISupportedInterfaceOrientations_iPad = "UIInterfaceOrientationPortrait UIInterfaceOrientationPortraitUpsideDown UIInterfaceOrientationLandscapeLeft UIInterfaceOrientationLandscapeRight";
				INFOPLIST_KEY_UISupportedInterfaceOrientations_iPhone = "UIInterfaceOrientationPortrait UIInterfaceOrientationLandscapeLeft UIInterfaceOrientationLandscapeRight";
				IPHONEOS_DEPLOYMENT_TARGET = 16.0;
				LD_RUNPATH_SEARCH_PATHS = (
					"$(inherited)",
					"@executable_path/Frameworks",
				);
				MARKETING_VERSION = 1.0;
				PRODUCT_BUNDLE_IDENTIFIER = com.mahin.PressPilot;
				PRODUCT_NAME = "$(TARGET_NAME)";
				PROVISIONING_PROFILE_SPECIFIER = "";
				SWIFT_EMIT_LOC_STRINGS = YES;
				SWIFT_VERSION = 5.0;
				TARGETED_DEVICE_FAMILY = "1,2";
			};
			name = Debug;
		};
		00475F782A0AB8A300CA8227 /* Release */ = {
			isa = XCBuildConfiguration;
			buildSettings = {
				ASSETCATALOG_COMPILER_APPICON_NAME = AppIcon;
				ASSETCATALOG_COMPILER_GLOBAL_ACCENT_COLOR_NAME = AccentColor;
				CODE_SIGN_IDENTITY = "Apple Development";
				CODE_SIGN_STYLE = Automatic;
				CURRENT_PROJECT_VERSION = 1;
				DEVELOPMENT_ASSET_PATHS = "\"PressPilot/Preview Content\"";
				DEVELOPMENT_TEAM = JTC82K5425;
				ENABLE_PREVIEWS = YES;
				GENERATE_INFOPLIST_FILE = YES;
				INFOPLIST_KEY_UIApplicationSceneManifest_Generation = YES;
				INFOPLIST_KEY_UIApplicationSupportsIndirectInputEvents = YES;
				INFOPLIST_KEY_UILaunchScreen_Generation = YES;
				INFOPLIST_KEY_UISupportedInterfaceOrientations_iPad = "UIInterfaceOrientationPortrait UIInterfaceOrientationPortraitUpsideDown UIInterfaceOrientationLandscapeLeft UIInterfaceOrientationLandscapeRight";
				INFOPLIST_KEY_UISupportedInterfaceOrientations_iPhone = "UIInterfaceOrientationPortrait UIInterfaceOrientationLandscapeLeft UIInterfaceOrientationLandscapeRight";
				IPHONEOS_DEPLOYMENT_TARGET = 16.0;
				LD_RUNPATH_SEARCH_PATHS = (
					"$(inherited)",
					"@executable_path/Frameworks",
				);
				MARKETING_VERSION = 1.0;
				PRODUCT_BUNDLE_IDENTIFIER = com.mahin.PressPilot;
				PRODUCT_NAME = "$(TARGET_NAME)";
				PROVISIONING_PROFILE_SPECIFIER = "";
				SWIFT_EMIT_LOC_STRINGS = YES;
				SWIFT_VERSION = 5.0;
				TARGETED_DEVICE_FAMILY = "1,2";
			};
			name = Release;
		};
/* End XCBuildConfiguration section */

/* Begin XCConfigurationList section */
		00475F632A0AB8A200CA8227 /* Build configuration list for PBXProject "PressPilot" */ = {
			isa = XCConfigurationList;
			buildConfigurations = (
				00475F742A0AB8A300CA8227 /* Debug */,
				00475F752A0AB8A300CA8227 /* Release */,
			);
			defaultConfigurationIsVisible = 0;
			defaultConfigurationName = Release;
		};
		00475F762A0AB8A300CA8227 /* Build configuration list for PBXNativeTarget "PressPilot" */ = {
			isa = XCConfigurationList;
			buildConfigurations = (
				00475F772A0AB8A300CA8227 /* Debug */,
				00475F782A0AB8A300CA8227 /* Release */,
			);
			defaultConfigurationIsVisible = 0;
			defaultConfigurationName = Release;
		};
/* End XCConfigurationList section */

/* Begin XCRemoteSwiftPackageReference section */
		009E0E582A1793A000ECAE73 /* XCRemoteSwiftPackageReference "firebase-ios-sdk" */ = {
			isa = XCRemoteSwiftPackageReference;
			repositoryURL = "https://github.com/firebase/firebase-ios-sdk";
			requirement = {
				kind = upToNextMajorVersion;
				minimumVersion = 10.0.0;
			};
		};
		00E9DE5C2A0FFCB700C440CF /* XCRemoteSwiftPackageReference "FloatingLabelTextFieldSwiftUI" */ = {
			isa = XCRemoteSwiftPackageReference;
			repositoryURL = "https://github.com/kishanraja/FloatingLabelTextFieldSwiftUI.git";
			requirement = {
				kind = upToNextMajorVersion;
				minimumVersion = 5.0.0;
			};
		};
/* End XCRemoteSwiftPackageReference section */

/* Begin XCSwiftPackageProductDependency section */
		009E0E592A1793A100ECAE73 /* FirebaseAuth */ = {
			isa = XCSwiftPackageProductDependency;
			package = 009E0E582A1793A000ECAE73 /* XCRemoteSwiftPackageReference "firebase-ios-sdk" */;
			productName = FirebaseAuth;
		};
		009E0E5B2A1793A100ECAE73 /* FirebaseFirestoreSwift */ = {
			isa = XCSwiftPackageProductDependency;
			package = 009E0E582A1793A000ECAE73 /* XCRemoteSwiftPackageReference "firebase-ios-sdk" */;
			productName = FirebaseFirestoreSwift;
		};
		00E9DE5D2A0FFCB800C440CF /* FloatingLabelTextFieldSwiftUI */ = {
			isa = XCSwiftPackageProductDependency;
			package = 00E9DE5C2A0FFCB700C440CF /* XCRemoteSwiftPackageReference "FloatingLabelTextFieldSwiftUI" */;
			productName = FloatingLabelTextFieldSwiftUI;
		};
/* End XCSwiftPackageProductDependency section */
	};
	rootObject = 00475F602A0AB8A200CA8227 /* Project object */;
}
